Microsoft Visual Studio Solution File, Format Version 12.00
# Visual Studio 2012
Project("{FAE04EC0-301F-11D3-BF4B-00C04F79EFBC}") = "Mockup 2d Landscape Jump Plataform", "Mockup 2d Landscape Jump Plataform.csproj", "{3BFFC30E-7C48-4CF7-BB4B-BC52097017DA}"
EndProject
Global
	GlobalSection(SolutionConfigurationPlatforms) = preSolution
	Debug|Any CPU = Debug|Any CPU
	ExportDebug|Any CPU = ExportDebug|Any CPU
	ExportRelease|Any CPU = ExportRelease|Any CPU
	EndGlobalSection
	GlobalSection(ProjectConfigurationPlatforms) = postSolution
		{3BFFC30E-7C48-4CF7-BB4B-BC52097017DA}.Debug|Any CPU.ActiveCfg = Debug|Any CPU
		{3BFFC30E-7C48-4CF7-BB4B-BC52097017DA}.Debug|Any CPU.Build.0 = Debug|Any CPU
		{3BFFC30E-7C48-4CF7-BB4B-BC52097017DA}.ExportDebug|Any CPU.ActiveCfg = ExportDebug|Any CPU
		{3BFFC30E-7C48-4CF7-BB4B-BC52097017DA}.ExportDebug|Any CPU.Build.0 = ExportDebug|Any CPU
		{3BFFC30E-7C48-4CF7-BB4B-BC52097017DA}.ExportRelease|Any CPU.ActiveCfg = ExportRelease|Any CPU
		{3BFFC30E-7C48-4CF7-BB4B-BC52097017DA}.ExportRelease|Any CPU.Build.0 = ExportRelease|Any CPU
	EndGlobalSection
EndGlobal
